
Microsoft Visual Studio Solution File, Format Version 12.00
# Visual Studio 14
VisualStudioVersion = 14.0.23107.0
MinimumVisualStudioVersion = 10.0.40219.1
Project("{FAE04EC0-301F-11D3-BF4B-00C04F79EFBC}") = "OfficeAddinCalculator", "OfficeAddinCalculator\OfficeAddinCalculator.csproj", "{71539F08-2BBC-409C-9CD7-19F089A54145}"
EndProject
Project("{FAE04EC0-301F-11D3-BF4B-00C04F79EFBC}") = "OfficeAddinCalculatorWeb", "OfficeAddinCalculatorWeb\OfficeAddinCalculatorWeb.csproj", "{DF255F5B-6727-4599-910C-0D5470493CF9}"
EndProject
Global
	GlobalSection(SolutionConfigurationPlatforms) = preSolution
		Debug|Any CPU = Debug|Any CPU
		Release|Any CPU = Release|Any CPU
	EndGlobalSection
	GlobalSection(ProjectConfigurationPlatforms) = postSolution
		{71539F08-2BBC-409C-9CD7-19F089A54145}.Debug|Any CPU.ActiveCfg = Debug|Any CPU
		{71539F08-2BBC-409C-9CD7-19F089A54145}.Debug|Any CPU.Build.0 = Debug|Any CPU
		{71539F08-2BBC-409C-9CD7-19F089A54145}.Debug|Any CPU.Deploy.0 = Debug|Any CPU
		{71539F08-2BBC-409C-9CD7-19F089A54145}.Release|Any CPU.ActiveCfg = Release|Any CPU
		{71539F08-2BBC-409C-9CD7-19F089A54145}.Release|Any CPU.Build.0 = Release|Any CPU
		{71539F08-2BBC-409C-9CD7-19F089A54145}.Release|Any CPU.Deploy.0 = Release|Any CPU
		{DF255F5B-6727-4599-910C-0D5470493CF9}.Debug|Any CPU.ActiveCfg = Debug|Any CPU
		{DF255F5B-6727-4599-910C-0D5470493CF9}.Debug|Any CPU.Build.0 = Debug|Any CPU
		{DF255F5B-6727-4599-910C-0D5470493CF9}.Release|Any CPU.ActiveCfg = Release|Any CPU
		{DF255F5B-6727-4599-910C-0D5470493CF9}.Release|Any CPU.Build.0 = Release|Any CPU
	EndGlobalSection
	GlobalSection(SolutionProperties) = preSolution
		HideSolutionNode = FALSE
	EndGlobalSection
EndGlobal
